
Microsoft Visual Studio Solution File, Format Version 12.00
# Visual Studio Version 17
VisualStudioVersion = 17.8.34309.116
MinimumVisualStudioVersion = 10.0.40219.1
Project("{8BC9CEB8-8B4A-11D0-8D11-00A0C91BC942}") = "JPD_Compiler", "Project\JPD_Compiler\JPD_Compiler.vcxproj", "{F2A93B57-6926-44CF-909D-D48AEB37918B}"
EndProject
Project("{8BC9CEB8-8B4A-11D0-8D11-00A0C91BC942}") = "JPD_TestConsole", "Project\JPD_TestConsole\JPD_TestConsole.vcxproj", "{30C38F69-6E27-40FE-80A0-51EF89A2EE70}"
EndProject
Project("{8BC9CEB8-8B4A-11D0-8D11-00A0C91BC942}") = "JiniNet", "Project\JiniNet\JiniNet.vcxproj", "{C0B25F54-48EA-4A93-9517-3A27A938913E}"
EndProject
Project("{8BC9CEB8-8B4A-11D0-8D11-00A0C91BC942}") = "NetworkCore", "..\..\0. Utility\0. ServerNetwork\NetworkCore\NetworkCore.vcxproj", "{7FB41558-F01C-4978-819D-6FD349BD0F41}"
EndProject
Global
	GlobalSection(SolutionConfigurationPlatforms) = preSolution
		Debug|x64 = Debug|x64
		Debug|x86 = Debug|x86
		Release|x64 = Release|x64
		Release|x86 = Release|x86
	EndGlobalSection
	GlobalSection(ProjectConfigurationPlatforms) = postSolution
		{F2A93B57-6926-44CF-909D-D48AEB37918B}.Debug|x64.ActiveCfg = Debug|x64
		{F2A93B57-6926-44CF-909D-D48AEB37918B}.Debug|x64.Build.0 = Debug|x64
		{F2A93B57-6926-44CF-909D-D48AEB37918B}.Debug|x86.ActiveCfg = Debug|Win32
		{F2A93B57-6926-44CF-909D-D48AEB37918B}.Debug|x86.Build.0 = Debug|Win32
		{F2A93B57-6926-44CF-909D-D48AEB37918B}.Release|x64.ActiveCfg = Release|x64
		{F2A93B57-6926-44CF-909D-D48AEB37918B}.Release|x64.Build.0 = Release|x64
		{F2A93B57-6926-44CF-909D-D48AEB37918B}.Release|x86.ActiveCfg = Release|Win32
		{F2A93B57-6926-44CF-909D-D48AEB37918B}.Release|x86.Build.0 = Release|Win32
		{30C38F69-6E27-40FE-80A0-51EF89A2EE70}.Debug|x64.ActiveCfg = Debug|x64
		{30C38F69-6E27-40FE-80A0-51EF89A2EE70}.Debug|x64.Build.0 = Debug|x64
		{30C38F69-6E27-40FE-80A0-51EF89A2EE70}.Debug|x86.ActiveCfg = Debug|Win32
		{30C38F69-6E27-40FE-80A0-51EF89A2EE70}.Debug|x86.Build.0 = Debug|Win32
		{30C38F69-6E27-40FE-80A0-51EF89A2EE70}.Release|x64.ActiveCfg = Release|x64
		{30C38F69-6E27-40FE-80A0-51EF89A2EE70}.Release|x64.Build.0 = Release|x64
		{30C38F69-6E27-40FE-80A0-51EF89A2EE70}.Release|x86.ActiveCfg = Release|Win32
		{30C38F69-6E27-40FE-80A0-51EF89A2EE70}.Release|x86.Build.0 = Release|Win32
		{C0B25F54-48EA-4A93-9517-3A27A938913E}.Debug|x64.ActiveCfg = Debug|x64
		{C0B25F54-48EA-4A93-9517-3A27A938913E}.Debug|x64.Build.0 = Debug|x64
		{C0B25F54-48EA-4A93-9517-3A27A938913E}.Debug|x86.ActiveCfg = Debug|Win32
		{C0B25F54-48EA-4A93-9517-3A27A938913E}.Debug|x86.Build.0 = Debug|Win32
		{C0B25F54-48EA-4A93-9517-3A27A938913E}.Release|x64.ActiveCfg = Release|x64
		{C0B25F54-48EA-4A93-9517-3A27A938913E}.Release|x64.Build.0 = Release|x64
		{C0B25F54-48EA-4A93-9517-3A27A938913E}.Release|x86.ActiveCfg = Release|Win32
		{C0B25F54-48EA-4A93-9517-3A27A938913E}.Release|x86.Build.0 = Release|Win32
		{7FB41558-F01C-4978-819D-6FD349BD0F41}.Debug|x64.ActiveCfg = Debug|x64
		{7FB41558-F01C-4978-819D-6FD349BD0F41}.Debug|x64.Build.0 = Debug|x64
		{7FB41558-F01C-4978-819D-6FD349BD0F41}.Debug|x86.ActiveCfg = Debug|Win32
		{7FB41558-F01C-4978-819D-6FD349BD0F41}.Debug|x86.Build.0 = Debug|Win32
		{7FB41558-F01C-4978-819D-6FD349BD0F41}.Release|x64.ActiveCfg = Release|x64
		{7FB41558-F01C-4978-819D-6FD349BD0F41}.Release|x64.Build.0 = Release|x64
		{7FB41558-F01C-4978-819D-6FD349BD0F41}.Release|x86.ActiveCfg = Release|Win32
		{7FB41558-F01C-4978-819D-6FD349BD0F41}.Release|x86.Build.0 = Release|Win32
	EndGlobalSection
	GlobalSection(SolutionProperties) = preSolution
		HideSolutionNode = FALSE
	EndGlobalSection
	GlobalSection(ExtensibilityGlobals) = postSolution
		SolutionGuid = {36FF8CFC-6B9F-4F17-9CBE-ED9EAB56E8C4}
	EndGlobalSection
EndGlobal
