<?xml version="1.0" encoding="utf-8"?>
<Project ToolsVersion="4.0" xmlns="http://schemas.microsoft.com/developer/msbuild/2003">
  <ItemGroup>
    <Filter Include="json">
      <UniqueIdentifier>{6de09271-8f60-4163-9fd6-de0552f90ed8}</UniqueIdentifier>
    </Filter>
    <Filter Include="sample">
      <UniqueIdentifier>{5a8ab4b1-9f62-4a63-a883-112e24c02135}</UniqueIdentifier>
    </Filter>
  </ItemGroup>
  <ItemGroup>
    <ClCompile Include="Main.cpp" />
  </ItemGroup>
  <ItemGroup>
    <None Include="json\jpd.json">
      <Filter>json</Filter>
    </None>
    <None Include="json\RPCFightGame.json">
      <Filter>json</Filter>
    </None>
    <None Include="json\OnewayFightGame.json">
      <Filter>json</Filter>
    </None>
  </ItemGroup>
</Project>